
Microsoft Visual Studio Solution File, Format Version 12.00
# Visual Studio Version 17
VisualStudioVersion = 17.5.33627.172
MinimumVisualStudioVersion = 10.0.40219.1
Project("{FAE04EC0-301F-11D3-BF4B-00C04F79EFBC}") = "helloWorld1", "helloWorld1\helloWorld1.csproj", "{282255E1-C9FE-47BA-8DDF-B4A9FA705AA7}"
EndProject
Global
	GlobalSection(SolutionConfigurationPlatforms) = preSolution
		Debug|Any CPU = Debug|Any CPU
		Release|Any CPU = Release|Any CPU
	EndGlobalSection
	GlobalSection(ProjectConfigurationPlatforms) = postSolution
		{282255E1-C9FE-47BA-8DDF-B4A9FA705AA7}.Debug|Any CPU.ActiveCfg = Debug|Any CPU
		{282255E1-C9FE-47BA-8DDF-B4A9FA705AA7}.Debug|Any CPU.Build.0 = Debug|Any CPU
		{282255E1-C9FE-47BA-8DDF-B4A9FA705AA7}.Release|Any CPU.ActiveCfg = Release|Any CPU
		{282255E1-C9FE-47BA-8DDF-B4A9FA705AA7}.Release|Any CPU.Build.0 = Release|Any CPU
	EndGlobalSection
	GlobalSection(SolutionProperties) = preSolution
		HideSolutionNode = FALSE
	EndGlobalSection
	GlobalSection(ExtensibilityGlobals) = postSolution
		SolutionGuid = {72F471BD-10EE-4C60-90DF-8EFEAB28FAE5}
	EndGlobalSection
EndGlobal
